
Microsoft Visual Studio Solution File, Format Version 12.00
# Visual Studio Version 17
VisualStudioVersion = 17.7.34031.279
MinimumVisualStudioVersion = 10.0.40219.1
Project("{FAE04EC0-301F-11D3-BF4B-00C04F79EFBC}") = "Calculator_App", "Calculator_App.csproj", "{D6C25D40-EAF5-4667-94EE-5176B7C47C8D}"
EndProject
Global
	GlobalSection(SolutionConfigurationPlatforms) = preSolution
		Debug|Any CPU = Debug|Any CPU
		Release|Any CPU = Release|Any CPU
	EndGlobalSection
	GlobalSection(ProjectConfigurationPlatforms) = postSolution
		{D6C25D40-EAF5-4667-94EE-5176B7C47C8D}.Debug|Any CPU.ActiveCfg = Debug|Any CPU
		{D6C25D40-EAF5-4667-94EE-5176B7C47C8D}.Debug|Any CPU.Build.0 = Debug|Any CPU
		{D6C25D40-EAF5-4667-94EE-5176B7C47C8D}.Release|Any CPU.ActiveCfg = Release|Any CPU
		{D6C25D40-EAF5-4667-94EE-5176B7C47C8D}.Release|Any CPU.Build.0 = Release|Any CPU
	EndGlobalSection
	GlobalSection(SolutionProperties) = preSolution
		HideSolutionNode = FALSE
	EndGlobalSection
	GlobalSection(ExtensibilityGlobals) = postSolution
		SolutionGuid = {98B29EFA-EB77-4255-9D03-95A131F88D3B}
	EndGlobalSection
EndGlobal
